
Microsoft Visual Studio Solution File, Format Version 12.00
# Visual Studio 15
VisualStudioVersion = 15.0.27130.2036
MinimumVisualStudioVersion = 10.0.40219.1
Project("{9A19103F-16F7-4668-BE54-9A1E7A4F7556}") = "aspnetcore11-mvc", "aspnetcore11-mvc.csproj", "{956E3BC9-40C7-48F6-9C4A-1A88DE7FDA2A}"
EndProject
Global
	GlobalSection(SolutionConfigurationPlatforms) = preSolution
		Debug|Any CPU = Debug|Any CPU
		Release|Any CPU = Release|Any CPU
	EndGlobalSection
	GlobalSection(ProjectConfigurationPlatforms) = postSolution
		{956E3BC9-40C7-48F6-9C4A-1A88DE7FDA2A}.Debug|Any CPU.ActiveCfg = Debug|Any CPU
		{956E3BC9-40C7-48F6-9C4A-1A88DE7FDA2A}.Debug|Any CPU.Build.0 = Debug|Any CPU
		{956E3BC9-40C7-48F6-9C4A-1A88DE7FDA2A}.Release|Any CPU.ActiveCfg = Release|Any CPU
		{956E3BC9-40C7-48F6-9C4A-1A88DE7FDA2A}.Release|Any CPU.Build.0 = Release|Any CPU
	EndGlobalSection
	GlobalSection(SolutionProperties) = preSolution
		HideSolutionNode = FALSE
	EndGlobalSection
	GlobalSection(ExtensibilityGlobals) = postSolution
		SolutionGuid = {3BEBC083-3BEC-45A8-B0A3-EC9408A5587C}
	EndGlobalSection
EndGlobal
