
Microsoft Visual Studio Solution File, Format Version 12.00
# Visual Studio Version 16
VisualStudioVersion = 16.0.29209.62
MinimumVisualStudioVersion = 10.0.40219.1
Project("{9A19103F-16F7-4668-BE54-9A1E7A4F7556}") = "Bugsnag", "src\Bugsnag\Bugsnag.csproj", "{6786F339-353C-413B-9165-422ED8D9EDF5}"
EndProject
Project("{9A19103F-16F7-4668-BE54-9A1E7A4F7556}") = "Bugsnag.AspNet", "src\Bugsnag.AspNet\Bugsnag.AspNet.csproj", "{E027F449-FC7E-4623-9821-5836908862D2}"
EndProject
Project("{9A19103F-16F7-4668-BE54-9A1E7A4F7556}") = "Bugsnag.Tests", "tests\Bugsnag.Tests\Bugsnag.Tests.csproj", "{6CA748E2-A807-42E9-A960-D467461248DD}"
EndProject
Project("{9A19103F-16F7-4668-BE54-9A1E7A4F7556}") = "Bugsnag.AspNet.Mvc", "src\Bugsnag.AspNet.Mvc\Bugsnag.AspNet.Mvc.csproj", "{688FE7BD-2469-4860-80DA-5358372617CB}"
EndProject
Project("{9A19103F-16F7-4668-BE54-9A1E7A4F7556}") = "Bugsnag.AspNet.Tests", "tests\Bugsnag.AspNet.Tests\Bugsnag.AspNet.Tests.csproj", "{E323A548-C347-408E-B75F-1F3D654728DB}"
EndProject
Project("{9A19103F-16F7-4668-BE54-9A1E7A4F7556}") = "Bugsnag.Tests.Server", "tests\Bugsnag.Tests.Server\Bugsnag.Tests.Server.csproj", "{92B70E7D-FC95-4C15-9857-4AF1EAE18F33}"
EndProject
Project("{9A19103F-16F7-4668-BE54-9A1E7A4F7556}") = "Bugsnag.AspNet.Core", "src\Bugsnag.AspNet.Core\Bugsnag.AspNet.Core.csproj", "{6E9BE618-DD79-4EB1-898C-7422ACEA60C7}"
EndProject
Project("{9A19103F-16F7-4668-BE54-9A1E7A4F7556}") = "Bugsnag.ConfigurationSection", "src\Bugsnag.ConfigurationSection\Bugsnag.ConfigurationSection.csproj", "{37AE978B-8582-4985-8634-DF9DEB7F0F19}"
EndProject
Project("{9A19103F-16F7-4668-BE54-9A1E7A4F7556}") = "Bugsnag.ConfigurationSection.Tests", "tests\Bugsnag.ConfigurationSection.Tests\Bugsnag.ConfigurationSection.Tests.csproj", "{778A061F-30EE-4639-B023-B0A0FEF6EB85}"
EndProject
Project("{9A19103F-16F7-4668-BE54-9A1E7A4F7556}") = "Bugsnag.AspNet.WebApi", "src\Bugsnag.AspNet.WebApi\Bugsnag.AspNet.WebApi.csproj", "{9E9747C3-B583-44D3-9F0A-AD35E43F3E08}"
EndProject
Project("{2150E333-8FDC-42A3-9474-1A3956D46DE8}") = "Solution Items", "Solution Items", "{1F67ABED-373D-49E3-A599-482D6DE512EE}"
	ProjectSection(SolutionItems) = preProject
		appveyor.yml = appveyor.yml
		build.cake = build.cake
		CHANGELOG.md = CHANGELOG.md
		CONTRIBUTING.md = CONTRIBUTING.md
		src\Directory.build.props = src\Directory.build.props
		LICENSE.txt = LICENSE.txt
		README.md = README.md
		UPGRADING.md = UPGRADING.md
	EndProjectSection
EndProject
Project("{9A19103F-16F7-4668-BE54-9A1E7A4F7556}") = "Bugsnag.AspNet.WebApi.Tests", "tests\Bugsnag.AspNet.WebApi.Tests\Bugsnag.AspNet.WebApi.Tests.csproj", "{584E892B-5A65-4484-9F0E-CD58EFDA75BD}"
EndProject
Project("{9A19103F-16F7-4668-BE54-9A1E7A4F7556}") = "Bugsnag.AspNet.Core.Tests", "tests\Bugsnag.AspNet.Core.Tests\Bugsnag.AspNet.Core.Tests.csproj", "{C86A5E8F-5402-49D8-BDD3-0C96D89B6E2E}"
EndProject
Global
	GlobalSection(SolutionConfigurationPlatforms) = preSolution
		Debug|Any CPU = Debug|Any CPU
		Release|Any CPU = Release|Any CPU
	EndGlobalSection
	GlobalSection(ProjectConfigurationPlatforms) = postSolution
		{6786F339-353C-413B-9165-422ED8D9EDF5}.Debug|Any CPU.ActiveCfg = Debug|Any CPU
		{6786F339-353C-413B-9165-422ED8D9EDF5}.Debug|Any CPU.Build.0 = Debug|Any CPU
		{6786F339-353C-413B-9165-422ED8D9EDF5}.Release|Any CPU.ActiveCfg = Release|Any CPU
		{6786F339-353C-413B-9165-422ED8D9EDF5}.Release|Any CPU.Build.0 = Release|Any CPU
		{E027F449-FC7E-4623-9821-5836908862D2}.Debug|Any CPU.ActiveCfg = Debug|Any CPU
		{E027F449-FC7E-4623-9821-5836908862D2}.Debug|Any CPU.Build.0 = Debug|Any CPU
		{E027F449-FC7E-4623-9821-5836908862D2}.Release|Any CPU.ActiveCfg = Release|Any CPU
		{E027F449-FC7E-4623-9821-5836908862D2}.Release|Any CPU.Build.0 = Release|Any CPU
		{6CA748E2-A807-42E9-A960-D467461248DD}.Debug|Any CPU.ActiveCfg = Debug|Any CPU
		{6CA748E2-A807-42E9-A960-D467461248DD}.Debug|Any CPU.Build.0 = Debug|Any CPU
		{6CA748E2-A807-42E9-A960-D467461248DD}.Release|Any CPU.ActiveCfg = Release|Any CPU
		{6CA748E2-A807-42E9-A960-D467461248DD}.Release|Any CPU.Build.0 = Release|Any CPU
		{688FE7BD-2469-4860-80DA-5358372617CB}.Debug|Any CPU.ActiveCfg = Debug|Any CPU
		{688FE7BD-2469-4860-80DA-5358372617CB}.Debug|Any CPU.Build.0 = Debug|Any CPU
		{688FE7BD-2469-4860-80DA-5358372617CB}.Release|Any CPU.ActiveCfg = Release|Any CPU
		{688FE7BD-2469-4860-80DA-5358372617CB}.Release|Any CPU.Build.0 = Release|Any CPU
		{E323A548-C347-408E-B75F-1F3D654728DB}.Debug|Any CPU.ActiveCfg = Debug|Any CPU
		{E323A548-C347-408E-B75F-1F3D654728DB}.Debug|Any CPU.Build.0 = Debug|Any CPU
		{E323A548-C347-408E-B75F-1F3D654728DB}.Release|Any CPU.ActiveCfg = Release|Any CPU
		{E323A548-C347-408E-B75F-1F3D654728DB}.Release|Any CPU.Build.0 = Release|Any CPU
		{92B70E7D-FC95-4C15-9857-4AF1EAE18F33}.Debug|Any CPU.ActiveCfg = Debug|Any CPU
		{92B70E7D-FC95-4C15-9857-4AF1EAE18F33}.Debug|Any CPU.Build.0 = Debug|Any CPU
		{92B70E7D-FC95-4C15-9857-4AF1EAE18F33}.Release|Any CPU.ActiveCfg = Release|Any CPU
		{92B70E7D-FC95-4C15-9857-4AF1EAE18F33}.Release|Any CPU.Build.0 = Release|Any CPU
		{6E9BE618-DD79-4EB1-898C-7422ACEA60C7}.Debug|Any CPU.ActiveCfg = Debug|Any CPU
		{6E9BE618-DD79-4EB1-898C-7422ACEA60C7}.Debug|Any CPU.Build.0 = Debug|Any CPU
		{6E9BE618-DD79-4EB1-898C-7422ACEA60C7}.Release|Any CPU.ActiveCfg = Release|Any CPU
		{6E9BE618-DD79-4EB1-898C-7422ACEA60C7}.Release|Any CPU.Build.0 = Release|Any CPU
		{37AE978B-8582-4985-8634-DF9DEB7F0F19}.Debug|Any CPU.ActiveCfg = Debug|Any CPU
		{37AE978B-8582-4985-8634-DF9DEB7F0F19}.Debug|Any CPU.Build.0 = Debug|Any CPU
		{37AE978B-8582-4985-8634-DF9DEB7F0F19}.Release|Any CPU.ActiveCfg = Release|Any CPU
		{37AE978B-8582-4985-8634-DF9DEB7F0F19}.Release|Any CPU.Build.0 = Release|Any CPU
		{778A061F-30EE-4639-B023-B0A0FEF6EB85}.Debug|Any CPU.ActiveCfg = Debug|Any CPU
		{778A061F-30EE-4639-B023-B0A0FEF6EB85}.Debug|Any CPU.Build.0 = Debug|Any CPU
		{778A061F-30EE-4639-B023-B0A0FEF6EB85}.Release|Any CPU.ActiveCfg = Release|Any CPU
		{778A061F-30EE-4639-B023-B0A0FEF6EB85}.Release|Any CPU.Build.0 = Release|Any CPU
		{9E9747C3-B583-44D3-9F0A-AD35E43F3E08}.Debug|Any CPU.ActiveCfg = Debug|Any CPU
		{9E9747C3-B583-44D3-9F0A-AD35E43F3E08}.Debug|Any CPU.Build.0 = Debug|Any CPU
		{9E9747C3-B583-44D3-9F0A-AD35E43F3E08}.Release|Any CPU.ActiveCfg = Release|Any CPU
		{9E9747C3-B583-44D3-9F0A-AD35E43F3E08}.Release|Any CPU.Build.0 = Release|Any CPU
		{584E892B-5A65-4484-9F0E-CD58EFDA75BD}.Debug|Any CPU.ActiveCfg = Debug|Any CPU
		{584E892B-5A65-4484-9F0E-CD58EFDA75BD}.Debug|Any CPU.Build.0 = Debug|Any CPU
		{584E892B-5A65-4484-9F0E-CD58EFDA75BD}.Release|Any CPU.ActiveCfg = Release|Any CPU
		{584E892B-5A65-4484-9F0E-CD58EFDA75BD}.Release|Any CPU.Build.0 = Release|Any CPU
		{C86A5E8F-5402-49D8-BDD3-0C96D89B6E2E}.Debug|Any CPU.ActiveCfg = Debug|Any CPU
		{C86A5E8F-5402-49D8-BDD3-0C96D89B6E2E}.Debug|Any CPU.Build.0 = Debug|Any CPU
		{C86A5E8F-5402-49D8-BDD3-0C96D89B6E2E}.Release|Any CPU.ActiveCfg = Release|Any CPU
		{C86A5E8F-5402-49D8-BDD3-0C96D89B6E2E}.Release|Any CPU.Build.0 = Release|Any CPU
	EndGlobalSection
	GlobalSection(SolutionProperties) = preSolution
		HideSolutionNode = FALSE
	EndGlobalSection
	GlobalSection(ExtensibilityGlobals) = postSolution
		SolutionGuid = {5D162DF0-D62E-49DB-A334-FCABCE94DDEB}
	EndGlobalSection
EndGlobal
