
Microsoft Visual Studio Solution File, Format Version 12.00
# Visual Studio 15
VisualStudioVersion = 15.0.27130.2036
MinimumVisualStudioVersion = 10.0.40219.1
Project("{9A19103F-16F7-4668-BE54-9A1E7A4F7556}") = "netcore11-console", "netcore11-console.csproj", "{D3B19867-CEF1-4D0C-9797-6A800B811299}"
EndProject
Global
	GlobalSection(SolutionConfigurationPlatforms) = preSolution
		Debug|Any CPU = Debug|Any CPU
		Release|Any CPU = Release|Any CPU
	EndGlobalSection
	GlobalSection(ProjectConfigurationPlatforms) = postSolution
		{D3B19867-CEF1-4D0C-9797-6A800B811299}.Debug|Any CPU.ActiveCfg = Debug|Any CPU
		{D3B19867-CEF1-4D0C-9797-6A800B811299}.Debug|Any CPU.Build.0 = Debug|Any CPU
		{D3B19867-CEF1-4D0C-9797-6A800B811299}.Release|Any CPU.ActiveCfg = Release|Any CPU
		{D3B19867-CEF1-4D0C-9797-6A800B811299}.Release|Any CPU.Build.0 = Release|Any CPU
	EndGlobalSection
	GlobalSection(SolutionProperties) = preSolution
		HideSolutionNode = FALSE
	EndGlobalSection
	GlobalSection(ExtensibilityGlobals) = postSolution
		SolutionGuid = {8FD2B6AA-6EE0-4A11-9985-329993A7F00E}
	EndGlobalSection
EndGlobal
