
Microsoft Visual Studio Solution File, Format Version 12.00
# Visual Studio 15
VisualStudioVersion = 15.0.27130.2036
MinimumVisualStudioVersion = 10.0.40219.1
Project("{9A19103F-16F7-4668-BE54-9A1E7A4F7556}") = "netcore20-console", "netcore20-console.csproj", "{ED80C087-4015-40D6-86B9-A93BB380FDDD}"
EndProject
Global
	GlobalSection(SolutionConfigurationPlatforms) = preSolution
		Debug|Any CPU = Debug|Any CPU
		Release|Any CPU = Release|Any CPU
	EndGlobalSection
	GlobalSection(ProjectConfigurationPlatforms) = postSolution
		{ED80C087-4015-40D6-86B9-A93BB380FDDD}.Debug|Any CPU.ActiveCfg = Debug|Any CPU
		{ED80C087-4015-40D6-86B9-A93BB380FDDD}.Debug|Any CPU.Build.0 = Debug|Any CPU
		{ED80C087-4015-40D6-86B9-A93BB380FDDD}.Release|Any CPU.ActiveCfg = Release|Any CPU
		{ED80C087-4015-40D6-86B9-A93BB380FDDD}.Release|Any CPU.Build.0 = Release|Any CPU
	EndGlobalSection
	GlobalSection(SolutionProperties) = preSolution
		HideSolutionNode = FALSE
	EndGlobalSection
	GlobalSection(ExtensibilityGlobals) = postSolution
		SolutionGuid = {F479CBE7-6A0A-4266-82D7-D125475BF097}
	EndGlobalSection
EndGlobal
